
Microsoft Visual Studio Solution File, Format Version 12.00
# Visual Studio Version 16
VisualStudioVersion = 16.0.30711.63
MinimumVisualStudioVersion = 10.0.40219.1
Project("{FAE04EC0-301F-11D3-BF4B-00C04F79EFBC}") = "BESTHackathon.Server", "Server\BESTHackathon.Server.csproj", "{B1A5A590-5F30-4613-8DCD-5FBA9F8C5D89}"
EndProject
Project("{FAE04EC0-301F-11D3-BF4B-00C04F79EFBC}") = "BESTHackathon.Client", "Client\BESTHackathon.Client.csproj", "{CDA743CB-5CCE-438C-B180-48469B380B90}"
EndProject
Project("{FAE04EC0-301F-11D3-BF4B-00C04F79EFBC}") = "BESTHackathon.Shared", "Shared\BESTHackathon.Shared.csproj", "{313DEDC1-A452-4571-83E0-976EF8572D69}"
EndProject
Global
	GlobalSection(SolutionConfigurationPlatforms) = preSolution
		Debug|Any CPU = Debug|Any CPU
		Release|Any CPU = Release|Any CPU
	EndGlobalSection
	GlobalSection(ProjectConfigurationPlatforms) = postSolution
		{B1A5A590-5F30-4613-8DCD-5FBA9F8C5D89}.Debug|Any CPU.ActiveCfg = Debug|Any CPU
		{B1A5A590-5F30-4613-8DCD-5FBA9F8C5D89}.Debug|Any CPU.Build.0 = Debug|Any CPU
		{B1A5A590-5F30-4613-8DCD-5FBA9F8C5D89}.Release|Any CPU.ActiveCfg = Release|Any CPU
		{B1A5A590-5F30-4613-8DCD-5FBA9F8C5D89}.Release|Any CPU.Build.0 = Release|Any CPU
		{CDA743CB-5CCE-438C-B180-48469B380B90}.Debug|Any CPU.ActiveCfg = Debug|Any CPU
		{CDA743CB-5CCE-438C-B180-48469B380B90}.Debug|Any CPU.Build.0 = Debug|Any CPU
		{CDA743CB-5CCE-438C-B180-48469B380B90}.Release|Any CPU.ActiveCfg = Release|Any CPU
		{CDA743CB-5CCE-438C-B180-48469B380B90}.Release|Any CPU.Build.0 = Release|Any CPU
		{313DEDC1-A452-4571-83E0-976EF8572D69}.Debug|Any CPU.ActiveCfg = Debug|Any CPU
		{313DEDC1-A452-4571-83E0-976EF8572D69}.Debug|Any CPU.Build.0 = Debug|Any CPU
		{313DEDC1-A452-4571-83E0-976EF8572D69}.Release|Any CPU.ActiveCfg = Release|Any CPU
		{313DEDC1-A452-4571-83E0-976EF8572D69}.Release|Any CPU.Build.0 = Release|Any CPU
	EndGlobalSection
	GlobalSection(SolutionProperties) = preSolution
		HideSolutionNode = FALSE
	EndGlobalSection
	GlobalSection(ExtensibilityGlobals) = postSolution
		SolutionGuid = {D2014DEF-E67C-4469-BE57-0F64BBEE3547}
	EndGlobalSection
EndGlobal
